
Microsoft Visual Studio Solution File, Format Version 12.00
# Visual Studio Version 17
VisualStudioVersion = 17.4.33213.308
MinimumVisualStudioVersion = 10.0.40219.1
Project("{9A19103F-16F7-4668-BE54-9A1E7A4F7556}") = "AM.UI.Console", "ConsoleApp1\AM.UI.Console.csproj", "{A93B9F3F-1469-43EA-AD04-F158E096453C}"
EndProject
Project("{9A19103F-16F7-4668-BE54-9A1E7A4F7556}") = "AM.ApplicationCore", "AM.ApplicationCore\AM.ApplicationCore.csproj", "{0FB96253-77C6-46AF-9D84-E387C3C8A2C5}"
EndProject
Project("{FAE04EC0-301F-11D3-BF4B-00C04F79EFBC}") = "AM.Infrastructure", "AM.Infrastructure\AM.Infrastructure.csproj", "{6AC1D69B-DA82-46A1-9A89-A5360989CF7A}"
EndProject
Global
	GlobalSection(SolutionConfigurationPlatforms) = preSolution
		Debug|Any CPU = Debug|Any CPU
		Release|Any CPU = Release|Any CPU
	EndGlobalSection
	GlobalSection(ProjectConfigurationPlatforms) = postSolution
		{A93B9F3F-1469-43EA-AD04-F158E096453C}.Debug|Any CPU.ActiveCfg = Debug|Any CPU
		{A93B9F3F-1469-43EA-AD04-F158E096453C}.Debug|Any CPU.Build.0 = Debug|Any CPU
		{A93B9F3F-1469-43EA-AD04-F158E096453C}.Release|Any CPU.ActiveCfg = Release|Any CPU
		{A93B9F3F-1469-43EA-AD04-F158E096453C}.Release|Any CPU.Build.0 = Release|Any CPU
		{0FB96253-77C6-46AF-9D84-E387C3C8A2C5}.Debug|Any CPU.ActiveCfg = Debug|Any CPU
		{0FB96253-77C6-46AF-9D84-E387C3C8A2C5}.Debug|Any CPU.Build.0 = Debug|Any CPU
		{0FB96253-77C6-46AF-9D84-E387C3C8A2C5}.Release|Any CPU.ActiveCfg = Release|Any CPU
		{0FB96253-77C6-46AF-9D84-E387C3C8A2C5}.Release|Any CPU.Build.0 = Release|Any CPU
		{6AC1D69B-DA82-46A1-9A89-A5360989CF7A}.Debug|Any CPU.ActiveCfg = Debug|Any CPU
		{6AC1D69B-DA82-46A1-9A89-A5360989CF7A}.Debug|Any CPU.Build.0 = Debug|Any CPU
		{6AC1D69B-DA82-46A1-9A89-A5360989CF7A}.Release|Any CPU.ActiveCfg = Release|Any CPU
		{6AC1D69B-DA82-46A1-9A89-A5360989CF7A}.Release|Any CPU.Build.0 = Release|Any CPU
	EndGlobalSection
	GlobalSection(SolutionProperties) = preSolution
		HideSolutionNode = FALSE
	EndGlobalSection
	GlobalSection(ExtensibilityGlobals) = postSolution
		SolutionGuid = {DB3B6E95-3699-402E-AB36-F2567BEFA4E2}
	EndGlobalSection
EndGlobal
